
Microsoft Visual Studio Solution File, Format Version 12.00
# Visual Studio 15
VisualStudioVersion = 15.0.27004.2002
MinimumVisualStudioVersion = 10.0.40219.1
Project("{2150E333-8FDC-42A3-9474-1A3956D46DE8}") = "src", "src", "{38642AA7-1113-4C84-B5EA-0C78157D75F3}"
EndProject
Project("{9A19103F-16F7-4668-BE54-9A1E7A4F7556}") = "dotnet-resx2cs", "src\dotnet-resx2cs\dotnet-resx2cs.csproj", "{F7843D70-6A2F-4816-BA98-03FA50E23958}"
EndProject
Global
	GlobalSection(SolutionConfigurationPlatforms) = preSolution
		Debug|Any CPU = Debug|Any CPU
		Release|Any CPU = Release|Any CPU
	EndGlobalSection
	GlobalSection(ProjectConfigurationPlatforms) = postSolution
		{F7843D70-6A2F-4816-BA98-03FA50E23958}.Debug|Any CPU.ActiveCfg = Debug|Any CPU
		{F7843D70-6A2F-4816-BA98-03FA50E23958}.Debug|Any CPU.Build.0 = Debug|Any CPU
		{F7843D70-6A2F-4816-BA98-03FA50E23958}.Release|Any CPU.ActiveCfg = Release|Any CPU
		{F7843D70-6A2F-4816-BA98-03FA50E23958}.Release|Any CPU.Build.0 = Release|Any CPU
	EndGlobalSection
	GlobalSection(SolutionProperties) = preSolution
		HideSolutionNode = FALSE
	EndGlobalSection
	GlobalSection(NestedProjects) = preSolution
		{F7843D70-6A2F-4816-BA98-03FA50E23958} = {38642AA7-1113-4C84-B5EA-0C78157D75F3}
	EndGlobalSection
	GlobalSection(ExtensibilityGlobals) = postSolution
		SolutionGuid = {66944544-047A-46E2-B405-B0168B4DC9FC}
	EndGlobalSection
EndGlobal
